
Microsoft Visual Studio Solution File, Format Version 12.00
# Visual Studio Version 17
VisualStudioVersion = 17.12.35209.166
MinimumVisualStudioVersion = 10.0.40219.1
Project("{FAE04EC0-301F-11D3-BF4B-00C04F79EFBC}") = "PlacesWF", "PlacesWF\PlacesWF.csproj", "{4CA70904-86F1-4A69-A740-B9C5BE36E309}"
EndProject
Global
	GlobalSection(SolutionConfigurationPlatforms) = preSolution
		Debug|Any CPU = Debug|Any CPU
		Release|Any CPU = Release|Any CPU
	EndGlobalSection
	GlobalSection(ProjectConfigurationPlatforms) = postSolution
		{4CA70904-86F1-4A69-A740-B9C5BE36E309}.Debug|Any CPU.ActiveCfg = Debug|Any CPU
		{4CA70904-86F1-4A69-A740-B9C5BE36E309}.Debug|Any CPU.Build.0 = Debug|Any CPU
		{4CA70904-86F1-4A69-A740-B9C5BE36E309}.Release|Any CPU.ActiveCfg = Release|Any CPU
		{4CA70904-86F1-4A69-A740-B9C5BE36E309}.Release|Any CPU.Build.0 = Release|Any CPU
	EndGlobalSection
	GlobalSection(SolutionProperties) = preSolution
		HideSolutionNode = FALSE
	EndGlobalSection
	GlobalSection(ExtensibilityGlobals) = postSolution
		SolutionGuid = {C1D6EC42-AF0A-457E-9B14-799C73D5D1B1}
	EndGlobalSection
EndGlobal
